
Microsoft Visual Studio Solution File, Format Version 12.00
# Visual Studio 15
Project("{FAE04EC0-301F-11D3-BF4B-00C04F79EFBC}") = "Unity.Timeline", "Unity.Timeline.csproj", "{DA956C4F-3A50-CC91-0DB7-9B29D48B5E74}"
EndProject
Project("{FAE04EC0-301F-11D3-BF4B-00C04F79EFBC}") = "Unity.Timeline.Editor", "Unity.Timeline.Editor.csproj", "{02D8F786-A014-7739-E9A7-AC2B2A5330BF}"
EndProject
Project("{FAE04EC0-301F-11D3-BF4B-00C04F79EFBC}") = "Unity.2D.Tilemap.Editor", "Unity.2D.Tilemap.Editor.csproj", "{1E3973F5-3CC2-67FD-57F2-DBD8A07251AE}"
EndProject
Project("{FAE04EC0-301F-11D3-BF4B-00C04F79EFBC}") = "Unity.TextMeshPro.Editor", "Unity.TextMeshPro.Editor.csproj", "{A52349A9-B844-6D6C-3F1B-DAB8FB432DA8}"
EndProject
Project("{FAE04EC0-301F-11D3-BF4B-00C04F79EFBC}") = "Unity.2D.Aseprite.Editor", "Unity.2D.Aseprite.Editor.csproj", "{61738F9E-A2A8-E23F-C196-1EE234936CDA}"
EndProject
Project("{FAE04EC0-301F-11D3-BF4B-00C04F79EFBC}") = "Unity.VisualScripting.Flow", "Unity.VisualScripting.Flow.csproj", "{367A6CBC-F5D7-DACD-F551-3B36EBCDD600}"
EndProject
Project("{FAE04EC0-301F-11D3-BF4B-00C04F79EFBC}") = "UnityEditor.UI", "UnityEditor.UI.csproj", "{72F5E323-6DB8-6591-B277-A160124BC4FA}"
EndProject
Project("{FAE04EC0-301F-11D3-BF4B-00C04F79EFBC}") = "Unity.PlasticSCM.Editor", "Unity.PlasticSCM.Editor.csproj", "{55EB7270-0F41-B4F7-3BE7-6611D505D816}"
EndProject
Project("{FAE04EC0-301F-11D3-BF4B-00C04F79EFBC}") = "Unity.2D.Psdimporter.Editor", "Unity.2D.Psdimporter.Editor.csproj", "{BD6F63DD-2FFB-E724-013B-2C9C3B5FE11D}"
EndProject
Project("{FAE04EC0-301F-11D3-BF4B-00C04F79EFBC}") = "Unity.InputSystem", "Unity.InputSystem.csproj", "{F124965B-A930-A222-65C8-B7DADC67C2E8}"
EndProject
Project("{FAE04EC0-301F-11D3-BF4B-00C04F79EFBC}") = "Unity.VisualScripting.Core", "Unity.VisualScripting.Core.csproj", "{7318F43E-90AF-D5DC-85D2-717349D78E16}"
EndProject
Project("{FAE04EC0-301F-11D3-BF4B-00C04F79EFBC}") = "Unity.Mathematics", "Unity.Mathematics.csproj", "{1E8B0182-A844-C2DD-5E93-3DEACC645801}"
EndProject
Project("{FAE04EC0-301F-11D3-BF4B-00C04F79EFBC}") = "Unity.2D.Animation.Editor", "Unity.2D.Animation.Editor.csproj", "{FB80E7F3-69B5-69A6-6C80-A7BD8F02BF39}"
EndProject
Project("{FAE04EC0-301F-11D3-BF4B-00C04F79EFBC}") = "Unity.2D.Common.Path.Editor", "Unity.2D.Common.Path.Editor.csproj", "{D9524D87-B234-3922-5CB9-2EFC8E095BEC}"
EndProject
Project("{FAE04EC0-301F-11D3-BF4B-00C04F79EFBC}") = "Unity.VisualScripting.Core.Editor", "Unity.VisualScripting.Core.Editor.csproj", "{A3F5187D-2459-2355-753E-FA0BD02F7A65}"
EndProject
Project("{FAE04EC0-301F-11D3-BF4B-00C04F79EFBC}") = "Unity.2D.IK.Runtime", "Unity.2D.IK.Runtime.csproj", "{556241EC-0A48-6789-9A3E-1A4DE7872C94}"
EndProject
Project("{FAE04EC0-301F-11D3-BF4B-00C04F79EFBC}") = "Unity.VisualScripting.Flow.Editor", "Unity.VisualScripting.Flow.Editor.csproj", "{12E0A87C-37DF-7215-ED70-5A61DD5C235D}"
EndProject
Project("{FAE04EC0-301F-11D3-BF4B-00C04F79EFBC}") = "UnityEditor.TestRunner", "UnityEditor.TestRunner.csproj", "{DFDC720A-3BC5-8495-3C46-B8AE5736A701}"
EndProject
Project("{FAE04EC0-301F-11D3-BF4B-00C04F79EFBC}") = "Unity.VisualScripting.SettingsProvider.Editor", "Unity.VisualScripting.SettingsProvider.Editor.csproj", "{E27C2A79-6D98-739E-4D72-39BFE432287C}"
EndProject
Project("{FAE04EC0-301F-11D3-BF4B-00C04F79EFBC}") = "UnityEngine.TestRunner", "UnityEngine.TestRunner.csproj", "{C84C9E7C-D0EC-386D-76BB-8CD290CBCB71}"
EndProject
Project("{FAE04EC0-301F-11D3-BF4B-00C04F79EFBC}") = "Unity.Recorder.Editor", "Unity.Recorder.Editor.csproj", "{64C001DC-5160-3545-4060-C71B04A97377}"
EndProject
Project("{FAE04EC0-301F-11D3-BF4B-00C04F79EFBC}") = "PsdPlugin", "PsdPlugin.csproj", "{DA8A5437-6DE9-6746-91B4-7B0D440F1634}"
EndProject
Project("{FAE04EC0-301F-11D3-BF4B-00C04F79EFBC}") = "Unity.Burst", "Unity.Burst.csproj", "{9A5DAD6B-29F0-26C0-B318-E3B698EF2252}"
EndProject
Project("{FAE04EC0-301F-11D3-BF4B-00C04F79EFBC}") = "UnityEngine.UI", "UnityEngine.UI.csproj", "{F0DCB0E8-C413-C04D-4B66-69EF262F8522}"
EndProject
Project("{FAE04EC0-301F-11D3-BF4B-00C04F79EFBC}") = "Unity.Collections", "Unity.Collections.csproj", "{9254C36B-A0AD-F36F-C2F2-43357DDB4B89}"
EndProject
Project("{FAE04EC0-301F-11D3-BF4B-00C04F79EFBC}") = "Unity.2D.SpriteShape.Editor", "Unity.2D.SpriteShape.Editor.csproj", "{6EBF8AC3-3C24-77A3-8814-17EC4598E338}"
EndProject
Project("{FAE04EC0-301F-11D3-BF4B-00C04F79EFBC}") = "Unity.VisualStudio.Editor", "Unity.VisualStudio.Editor.csproj", "{943A6C96-C134-2914-85EE-94B125F9B2FC}"
EndProject
Project("{FAE04EC0-301F-11D3-BF4B-00C04F79EFBC}") = "Unity.2D.Tilemap.Extras.Editor", "Unity.2D.Tilemap.Extras.Editor.csproj", "{56FDDE43-1D52-759B-7BC9-D2152B8FEF05}"
EndProject
Project("{FAE04EC0-301F-11D3-BF4B-00C04F79EFBC}") = "Unity.Rider.Editor", "Unity.Rider.Editor.csproj", "{18E84343-370A-FEBB-8EDA-7DDDD7D32172}"
EndProject
Project("{FAE04EC0-301F-11D3-BF4B-00C04F79EFBC}") = "Unity.InternalAPIEditorBridge.001", "Unity.InternalAPIEditorBridge.001.csproj", "{CFD9EDBF-23E3-6D98-A2F1-97E1118A80DB}"
EndProject
Project("{FAE04EC0-301F-11D3-BF4B-00C04F79EFBC}") = "Unity.2D.SpriteShape.Runtime", "Unity.2D.SpriteShape.Runtime.csproj", "{FA695794-775C-24F4-9ECC-E325AEAF3BA5}"
EndProject
Project("{FAE04EC0-301F-11D3-BF4B-00C04F79EFBC}") = "Unity.VisualScripting.State.Editor", "Unity.VisualScripting.State.Editor.csproj", "{6224A02C-B44C-25E4-9573-25E3F087A683}"
EndProject
Project("{FAE04EC0-301F-11D3-BF4B-00C04F79EFBC}") = "Unity.2D.Animation.Runtime", "Unity.2D.Animation.Runtime.csproj", "{17B657FB-CAB7-E3C4-B80F-F2EA126C1757}"
EndProject
Project("{FAE04EC0-301F-11D3-BF4B-00C04F79EFBC}") = "Unity.Burst.CodeGen", "Unity.Burst.CodeGen.csproj", "{2FA1AAE6-E6AA-2486-0B84-B0752686D7CB}"
EndProject
Project("{FAE04EC0-301F-11D3-BF4B-00C04F79EFBC}") = "Unity.2D.Tilemap.Extras", "Unity.2D.Tilemap.Extras.csproj", "{A99E98C8-220B-E473-CF50-48B407CF5B0F}"
EndProject
Project("{FAE04EC0-301F-11D3-BF4B-00C04F79EFBC}") = "Unity.VisualScripting.State", "Unity.VisualScripting.State.csproj", "{460419EE-E2D2-FF25-29BF-A7D0BBD2ED4C}"
EndProject
Project("{FAE04EC0-301F-11D3-BF4B-00C04F79EFBC}") = "Unity.TextMeshPro", "Unity.TextMeshPro.csproj", "{1F5D2578-C5BB-41AA-55D0-7B4794D1B4F5}"
EndProject
Project("{FAE04EC0-301F-11D3-BF4B-00C04F79EFBC}") = "Unity.2D.Aseprite.Common", "Unity.2D.Aseprite.Common.csproj", "{7D7F8D58-3DFE-C72C-A06D-6BC17273E3B5}"
EndProject
Project("{FAE04EC0-301F-11D3-BF4B-00C04F79EFBC}") = "Unity.2D.IK.Editor", "Unity.2D.IK.Editor.csproj", "{088C9FA0-C218-DA79-9D34-FF663FFBED5C}"
EndProject
Project("{FAE04EC0-301F-11D3-BF4B-00C04F79EFBC}") = "Unity.InternalAPIEngineBridge.001", "Unity.InternalAPIEngineBridge.001.csproj", "{9E89DD83-454A-7563-C9E5-0A3500FC3694}"
EndProject
Project("{FAE04EC0-301F-11D3-BF4B-00C04F79EFBC}") = "Unity.Burst.Editor", "Unity.Burst.Editor.csproj", "{77C20454-0BD9-8218-8ED1-AE95B842745A}"
EndProject
Project("{FAE04EC0-301F-11D3-BF4B-00C04F79EFBC}") = "Unity.2D.Common.Editor", "Unity.2D.Common.Editor.csproj", "{E5730905-15A2-34E0-6FBC-89FA1323A056}"
EndProject
Project("{FAE04EC0-301F-11D3-BF4B-00C04F79EFBC}") = "Unity.2D.Sprite.Editor", "Unity.2D.Sprite.Editor.csproj", "{BA60C669-B83D-AECB-5A7F-9B13D241D8EE}"
EndProject
Project("{FAE04EC0-301F-11D3-BF4B-00C04F79EFBC}") = "Unity.2D.PixelPerfect", "Unity.2D.PixelPerfect.csproj", "{0EF32DCE-C779-552B-8D99-0AF726A22BE7}"
EndProject
Project("{FAE04EC0-301F-11D3-BF4B-00C04F79EFBC}") = "Unity.2D.PixelPerfect.Editor", "Unity.2D.PixelPerfect.Editor.csproj", "{DB1D80F2-6F49-635D-1A89-90FE28093544}"
EndProject
Project("{FAE04EC0-301F-11D3-BF4B-00C04F79EFBC}") = "Unity.2D.Common.Runtime", "Unity.2D.Common.Runtime.csproj", "{73A7B951-D2DA-3E56-8BE7-21B160EF26C6}"
EndProject
Project("{FAE04EC0-301F-11D3-BF4B-00C04F79EFBC}") = "Unity.Recorder", "Unity.Recorder.csproj", "{1A1E95BB-565A-99A0-DDD8-BA2BA0F16437}"
EndProject
Project("{FAE04EC0-301F-11D3-BF4B-00C04F79EFBC}") = "Unity.InputSystem.ForUI", "Unity.InputSystem.ForUI.csproj", "{112B6397-0230-F3E8-0750-47DBEFF2206C}"
EndProject
Project("{FAE04EC0-301F-11D3-BF4B-00C04F79EFBC}") = "Unity.Mathematics.Editor", "Unity.Mathematics.Editor.csproj", "{B028276F-DDDB-4028-1907-2E35F8121239}"
EndProject
Project("{FAE04EC0-301F-11D3-BF4B-00C04F79EFBC}") = "Unity.InputSystem.TestFramework", "Unity.InputSystem.TestFramework.csproj", "{4F93D8D1-E558-E4A1-3D21-043858FB5511}"
EndProject
Project("{FAE04EC0-301F-11D3-BF4B-00C04F79EFBC}") = "Unity.Collections.BurstCompatibilityGen", "Unity.Collections.BurstCompatibilityGen.csproj", "{BEBA835F-6D11-E651-6A70-2C7F44C403FA}"
EndProject
Project("{FAE04EC0-301F-11D3-BF4B-00C04F79EFBC}") = "Unity.InternalAPIEditorBridge.005", "Unity.InternalAPIEditorBridge.005.csproj", "{08A09044-CB65-9F99-7B60-A8C7517BDA50}"
EndProject
Project("{FAE04EC0-301F-11D3-BF4B-00C04F79EFBC}") = "Unity.VisualScripting.Shared.Editor", "Unity.VisualScripting.Shared.Editor.csproj", "{62E30B88-D269-8023-3F3F-101B3D2F99E8}"
EndProject
Project("{FAE04EC0-301F-11D3-BF4B-00C04F79EFBC}") = "Unity.Recorder.Base", "Unity.Recorder.Base.csproj", "{153EC1C4-F268-14BF-3BC3-0436DB29A6C2}"
EndProject
Project("{FAE04EC0-301F-11D3-BF4B-00C04F79EFBC}") = "Unity.Collections.DocCodeSamples", "Unity.Collections.DocCodeSamples.csproj", "{3D039F64-43C4-1F9E-8660-0A5F27AAD156}"
EndProject
Project("{FAE04EC0-301F-11D3-BF4B-00C04F79EFBC}") = "Unity.CollabProxy.Editor", "Unity.CollabProxy.Editor.csproj", "{D7D3F7E5-C2F2-8182-9CD9-CA8F04DF9290}"
EndProject
Project("{FAE04EC0-301F-11D3-BF4B-00C04F79EFBC}") = "Assembly-CSharp", "Assembly-CSharp.csproj", "{12D39182-CD11-4153-909C-913D19F318EB}"
EndProject
Project("{FAE04EC0-301F-11D3-BF4B-00C04F79EFBC}") = "Unity.Timeline", "Unity.Timeline.Player.csproj", "{A87B08D9-F270-CA65-AB40-BD99F6B64696}"
EndProject
Project("{FAE04EC0-301F-11D3-BF4B-00C04F79EFBC}") = "Unity.VisualScripting.Flow", "Unity.VisualScripting.Flow.Player.csproj", "{058E3AE0-79D0-503A-2C04-C3751B3C95B9}"
EndProject
Project("{FAE04EC0-301F-11D3-BF4B-00C04F79EFBC}") = "Unity.InputSystem", "Unity.InputSystem.Player.csproj", "{2E05AABA-5178-5E9C-A565-14192F63E35E}"
EndProject
Project("{FAE04EC0-301F-11D3-BF4B-00C04F79EFBC}") = "Unity.VisualScripting.Core", "Unity.VisualScripting.Core.Player.csproj", "{28C8C62E-6DCF-9DA8-8DB3-013979727737}"
EndProject
Project("{FAE04EC0-301F-11D3-BF4B-00C04F79EFBC}") = "Unity.Mathematics", "Unity.Mathematics.Player.csproj", "{E4D0D4E0-8D41-5A6D-1A8D-84AFFAE120E0}"
EndProject
Project("{FAE04EC0-301F-11D3-BF4B-00C04F79EFBC}") = "Unity.2D.IK.Runtime", "Unity.2D.IK.Runtime.Player.csproj", "{C937B8C1-30DD-AC23-EF43-D298094E8054}"
EndProject
Project("{FAE04EC0-301F-11D3-BF4B-00C04F79EFBC}") = "UnityEngine.TestRunner", "UnityEngine.TestRunner.Player.csproj", "{B52E5F06-F321-7731-BF76-45A35832D4D7}"
EndProject
Project("{FAE04EC0-301F-11D3-BF4B-00C04F79EFBC}") = "Unity.Burst", "Unity.Burst.Player.csproj", "{EDDB399A-CFFD-E7C7-EBB4-223724927813}"
EndProject
Project("{FAE04EC0-301F-11D3-BF4B-00C04F79EFBC}") = "UnityEngine.UI", "UnityEngine.UI.Player.csproj", "{5D773E94-3533-F13D-B200-5E6BCD283ED3}"
EndProject
Project("{FAE04EC0-301F-11D3-BF4B-00C04F79EFBC}") = "Unity.Collections", "Unity.Collections.Player.csproj", "{9862D5FD-CB98-9358-41F4-BA9BABA66F4A}"
EndProject
Project("{FAE04EC0-301F-11D3-BF4B-00C04F79EFBC}") = "Unity.2D.SpriteShape.Runtime", "Unity.2D.SpriteShape.Runtime.Player.csproj", "{9ED50E15-6F26-EB9C-A513-95FB9F8DA4C7}"
EndProject
Project("{FAE04EC0-301F-11D3-BF4B-00C04F79EFBC}") = "Unity.2D.Animation.Runtime", "Unity.2D.Animation.Runtime.Player.csproj", "{3C3160F1-8484-B2DF-E9EA-02B8ED93A780}"
EndProject
Project("{FAE04EC0-301F-11D3-BF4B-00C04F79EFBC}") = "Unity.2D.Tilemap.Extras", "Unity.2D.Tilemap.Extras.Player.csproj", "{E33B49D5-0F78-55DD-F989-C1BDAB6CFB56}"
EndProject
Project("{FAE04EC0-301F-11D3-BF4B-00C04F79EFBC}") = "Unity.VisualScripting.State", "Unity.VisualScripting.State.Player.csproj", "{A574330F-7C80-6235-A3B5-B5A6B1DECF98}"
EndProject
Project("{FAE04EC0-301F-11D3-BF4B-00C04F79EFBC}") = "Unity.TextMeshPro", "Unity.TextMeshPro.Player.csproj", "{512FDD84-3B2F-01BB-C63A-58F38698E901}"
EndProject
Project("{FAE04EC0-301F-11D3-BF4B-00C04F79EFBC}") = "Unity.InternalAPIEngineBridge.001", "Unity.InternalAPIEngineBridge.001.Player.csproj", "{C6746CE2-A0B7-2050-4C8A-54028A18A537}"
EndProject
Project("{FAE04EC0-301F-11D3-BF4B-00C04F79EFBC}") = "Unity.2D.PixelPerfect", "Unity.2D.PixelPerfect.Player.csproj", "{FEEB9079-DF9F-00FA-9ED4-8FA6E5DC52EF}"
EndProject
Project("{FAE04EC0-301F-11D3-BF4B-00C04F79EFBC}") = "Unity.2D.Common.Runtime", "Unity.2D.Common.Runtime.Player.csproj", "{4AFC1D7A-241B-E7A4-EA5D-3B35A26E4540}"
EndProject
Project("{FAE04EC0-301F-11D3-BF4B-00C04F79EFBC}") = "Unity.Recorder", "Unity.Recorder.Player.csproj", "{04554F86-0225-BA99-2F12-67B5979CAEE0}"
EndProject
Project("{FAE04EC0-301F-11D3-BF4B-00C04F79EFBC}") = "Unity.InputSystem.ForUI", "Unity.InputSystem.ForUI.Player.csproj", "{CD0BFB4C-9445-48F4-8C23-70EC12140D43}"
EndProject
Project("{FAE04EC0-301F-11D3-BF4B-00C04F79EFBC}") = "Unity.InputSystem.TestFramework", "Unity.InputSystem.TestFramework.Player.csproj", "{A09EA34E-C214-84B4-F94E-8753D9A04C4F}"
EndProject
Project("{FAE04EC0-301F-11D3-BF4B-00C04F79EFBC}") = "Unity.Recorder.Base", "Unity.Recorder.Base.Player.csproj", "{5B574789-875F-3493-5A47-C2C3A9B47215}"
EndProject
Project("{FAE04EC0-301F-11D3-BF4B-00C04F79EFBC}") = "Assembly-CSharp", "Assembly-CSharp.Player.csproj", "{BA9D559B-91FD-52C7-7190-9C1666FAC1D4}"
EndProject
Global
	GlobalSection(SolutionConfigurationPlatforms) = preSolution
		Debug|Any CPU = Debug|Any CPU
		Release|Any CPU = Release|Any CPU
	EndGlobalSection
	GlobalSection(ProjectConfigurationPlatforms) = postSolution
		{DA956C4F-3A50-CC91-0DB7-9B29D48B5E74}.Debug|Any CPU.ActiveCfg = Debug|Any CPU
		{DA956C4F-3A50-CC91-0DB7-9B29D48B5E74}.Debug|Any CPU.Build.0 = Debug|Any CPU
		{DA956C4F-3A50-CC91-0DB7-9B29D48B5E74}.Release|Any CPU.ActiveCfg = Release|Any CPU
		{DA956C4F-3A50-CC91-0DB7-9B29D48B5E74}.Release|Any CPU.Build.0 = Release|Any CPU
		{02D8F786-A014-7739-E9A7-AC2B2A5330BF}.Debug|Any CPU.ActiveCfg = Debug|Any CPU
		{02D8F786-A014-7739-E9A7-AC2B2A5330BF}.Debug|Any CPU.Build.0 = Debug|Any CPU
		{02D8F786-A014-7739-E9A7-AC2B2A5330BF}.Release|Any CPU.ActiveCfg = Release|Any CPU
		{02D8F786-A014-7739-E9A7-AC2B2A5330BF}.Release|Any CPU.Build.0 = Release|Any CPU
		{1E3973F5-3CC2-67FD-57F2-DBD8A07251AE}.Debug|Any CPU.ActiveCfg = Debug|Any CPU
		{1E3973F5-3CC2-67FD-57F2-DBD8A07251AE}.Debug|Any CPU.Build.0 = Debug|Any CPU
		{1E3973F5-3CC2-67FD-57F2-DBD8A07251AE}.Release|Any CPU.ActiveCfg = Release|Any CPU
		{1E3973F5-3CC2-67FD-57F2-DBD8A07251AE}.Release|Any CPU.Build.0 = Release|Any CPU
		{A52349A9-B844-6D6C-3F1B-DAB8FB432DA8}.Debug|Any CPU.ActiveCfg = Debug|Any CPU
		{A52349A9-B844-6D6C-3F1B-DAB8FB432DA8}.Debug|Any CPU.Build.0 = Debug|Any CPU
		{A52349A9-B844-6D6C-3F1B-DAB8FB432DA8}.Release|Any CPU.ActiveCfg = Release|Any CPU
		{A52349A9-B844-6D6C-3F1B-DAB8FB432DA8}.Release|Any CPU.Build.0 = Release|Any CPU
		{61738F9E-A2A8-E23F-C196-1EE234936CDA}.Debug|Any CPU.ActiveCfg = Debug|Any CPU
		{61738F9E-A2A8-E23F-C196-1EE234936CDA}.Debug|Any CPU.Build.0 = Debug|Any CPU
		{61738F9E-A2A8-E23F-C196-1EE234936CDA}.Release|Any CPU.ActiveCfg = Release|Any CPU
		{61738F9E-A2A8-E23F-C196-1EE234936CDA}.Release|Any CPU.Build.0 = Release|Any CPU
		{367A6CBC-F5D7-DACD-F551-3B36EBCDD600}.Debug|Any CPU.ActiveCfg = Debug|Any CPU
		{367A6CBC-F5D7-DACD-F551-3B36EBCDD600}.Debug|Any CPU.Build.0 = Debug|Any CPU
		{367A6CBC-F5D7-DACD-F551-3B36EBCDD600}.Release|Any CPU.ActiveCfg = Release|Any CPU
		{367A6CBC-F5D7-DACD-F551-3B36EBCDD600}.Release|Any CPU.Build.0 = Release|Any CPU
		{72F5E323-6DB8-6591-B277-A160124BC4FA}.Debug|Any CPU.ActiveCfg = Debug|Any CPU
		{72F5E323-6DB8-6591-B277-A160124BC4FA}.Debug|Any CPU.Build.0 = Debug|Any CPU
		{72F5E323-6DB8-6591-B277-A160124BC4FA}.Release|Any CPU.ActiveCfg = Release|Any CPU
		{72F5E323-6DB8-6591-B277-A160124BC4FA}.Release|Any CPU.Build.0 = Release|Any CPU
		{55EB7270-0F41-B4F7-3BE7-6611D505D816}.Debug|Any CPU.ActiveCfg = Debug|Any CPU
		{55EB7270-0F41-B4F7-3BE7-6611D505D816}.Debug|Any CPU.Build.0 = Debug|Any CPU
		{55EB7270-0F41-B4F7-3BE7-6611D505D816}.Release|Any CPU.ActiveCfg = Release|Any CPU
		{55EB7270-0F41-B4F7-3BE7-6611D505D816}.Release|Any CPU.Build.0 = Release|Any CPU
		{BD6F63DD-2FFB-E724-013B-2C9C3B5FE11D}.Debug|Any CPU.ActiveCfg = Debug|Any CPU
		{BD6F63DD-2FFB-E724-013B-2C9C3B5FE11D}.Debug|Any CPU.Build.0 = Debug|Any CPU
		{BD6F63DD-2FFB-E724-013B-2C9C3B5FE11D}.Release|Any CPU.ActiveCfg = Release|Any CPU
		{BD6F63DD-2FFB-E724-013B-2C9C3B5FE11D}.Release|Any CPU.Build.0 = Release|Any CPU
		{F124965B-A930-A222-65C8-B7DADC67C2E8}.Debug|Any CPU.ActiveCfg = Debug|Any CPU
		{F124965B-A930-A222-65C8-B7DADC67C2E8}.Debug|Any CPU.Build.0 = Debug|Any CPU
		{F124965B-A930-A222-65C8-B7DADC67C2E8}.Release|Any CPU.ActiveCfg = Release|Any CPU
		{F124965B-A930-A222-65C8-B7DADC67C2E8}.Release|Any CPU.Build.0 = Release|Any CPU
		{7318F43E-90AF-D5DC-85D2-717349D78E16}.Debug|Any CPU.ActiveCfg = Debug|Any CPU
		{7318F43E-90AF-D5DC-85D2-717349D78E16}.Debug|Any CPU.Build.0 = Debug|Any CPU
		{7318F43E-90AF-D5DC-85D2-717349D78E16}.Release|Any CPU.ActiveCfg = Release|Any CPU
		{7318F43E-90AF-D5DC-85D2-717349D78E16}.Release|Any CPU.Build.0 = Release|Any CPU
		{1E8B0182-A844-C2DD-5E93-3DEACC645801}.Debug|Any CPU.ActiveCfg = Debug|Any CPU
		{1E8B0182-A844-C2DD-5E93-3DEACC645801}.Debug|Any CPU.Build.0 = Debug|Any CPU
		{1E8B0182-A844-C2DD-5E93-3DEACC645801}.Release|Any CPU.ActiveCfg = Release|Any CPU
		{1E8B0182-A844-C2DD-5E93-3DEACC645801}.Release|Any CPU.Build.0 = Release|Any CPU
		{FB80E7F3-69B5-69A6-6C80-A7BD8F02BF39}.Debug|Any CPU.ActiveCfg = Debug|Any CPU
		{FB80E7F3-69B5-69A6-6C80-A7BD8F02BF39}.Debug|Any CPU.Build.0 = Debug|Any CPU
		{FB80E7F3-69B5-69A6-6C80-A7BD8F02BF39}.Release|Any CPU.ActiveCfg = Release|Any CPU
		{FB80E7F3-69B5-69A6-6C80-A7BD8F02BF39}.Release|Any CPU.Build.0 = Release|Any CPU
		{D9524D87-B234-3922-5CB9-2EFC8E095BEC}.Debug|Any CPU.ActiveCfg = Debug|Any CPU
		{D9524D87-B234-3922-5CB9-2EFC8E095BEC}.Debug|Any CPU.Build.0 = Debug|Any CPU
		{D9524D87-B234-3922-5CB9-2EFC8E095BEC}.Release|Any CPU.ActiveCfg = Release|Any CPU
		{D9524D87-B234-3922-5CB9-2EFC8E095BEC}.Release|Any CPU.Build.0 = Release|Any CPU
		{A3F5187D-2459-2355-753E-FA0BD02F7A65}.Debug|Any CPU.ActiveCfg = Debug|Any CPU
		{A3F5187D-2459-2355-753E-FA0BD02F7A65}.Debug|Any CPU.Build.0 = Debug|Any CPU
		{A3F5187D-2459-2355-753E-FA0BD02F7A65}.Release|Any CPU.ActiveCfg = Release|Any CPU
		{A3F5187D-2459-2355-753E-FA0BD02F7A65}.Release|Any CPU.Build.0 = Release|Any CPU
		{556241EC-0A48-6789-9A3E-1A4DE7872C94}.Debug|Any CPU.ActiveCfg = Debug|Any CPU
		{556241EC-0A48-6789-9A3E-1A4DE7872C94}.Debug|Any CPU.Build.0 = Debug|Any CPU
		{556241EC-0A48-6789-9A3E-1A4DE7872C94}.Release|Any CPU.ActiveCfg = Release|Any CPU
		{556241EC-0A48-6789-9A3E-1A4DE7872C94}.Release|Any CPU.Build.0 = Release|Any CPU
		{12E0A87C-37DF-7215-ED70-5A61DD5C235D}.Debug|Any CPU.ActiveCfg = Debug|Any CPU
		{12E0A87C-37DF-7215-ED70-5A61DD5C235D}.Debug|Any CPU.Build.0 = Debug|Any CPU
		{12E0A87C-37DF-7215-ED70-5A61DD5C235D}.Release|Any CPU.ActiveCfg = Release|Any CPU
		{12E0A87C-37DF-7215-ED70-5A61DD5C235D}.Release|Any CPU.Build.0 = Release|Any CPU
		{DFDC720A-3BC5-8495-3C46-B8AE5736A701}.Debug|Any CPU.ActiveCfg = Debug|Any CPU
		{DFDC720A-3BC5-8495-3C46-B8AE5736A701}.Debug|Any CPU.Build.0 = Debug|Any CPU
		{DFDC720A-3BC5-8495-3C46-B8AE5736A701}.Release|Any CPU.ActiveCfg = Release|Any CPU
		{DFDC720A-3BC5-8495-3C46-B8AE5736A701}.Release|Any CPU.Build.0 = Release|Any CPU
		{E27C2A79-6D98-739E-4D72-39BFE432287C}.Debug|Any CPU.ActiveCfg = Debug|Any CPU
		{E27C2A79-6D98-739E-4D72-39BFE432287C}.Debug|Any CPU.Build.0 = Debug|Any CPU
		{E27C2A79-6D98-739E-4D72-39BFE432287C}.Release|Any CPU.ActiveCfg = Release|Any CPU
		{E27C2A79-6D98-739E-4D72-39BFE432287C}.Release|Any CPU.Build.0 = Release|Any CPU
		{C84C9E7C-D0EC-386D-76BB-8CD290CBCB71}.Debug|Any CPU.ActiveCfg = Debug|Any CPU
		{C84C9E7C-D0EC-386D-76BB-8CD290CBCB71}.Debug|Any CPU.Build.0 = Debug|Any CPU
		{C84C9E7C-D0EC-386D-76BB-8CD290CBCB71}.Release|Any CPU.ActiveCfg = Release|Any CPU
		{C84C9E7C-D0EC-386D-76BB-8CD290CBCB71}.Release|Any CPU.Build.0 = Release|Any CPU
		{64C001DC-5160-3545-4060-C71B04A97377}.Debug|Any CPU.ActiveCfg = Debug|Any CPU
		{64C001DC-5160-3545-4060-C71B04A97377}.Debug|Any CPU.Build.0 = Debug|Any CPU
		{64C001DC-5160-3545-4060-C71B04A97377}.Release|Any CPU.ActiveCfg = Release|Any CPU
		{64C001DC-5160-3545-4060-C71B04A97377}.Release|Any CPU.Build.0 = Release|Any CPU
		{DA8A5437-6DE9-6746-91B4-7B0D440F1634}.Debug|Any CPU.ActiveCfg = Debug|Any CPU
		{DA8A5437-6DE9-6746-91B4-7B0D440F1634}.Debug|Any CPU.Build.0 = Debug|Any CPU
		{DA8A5437-6DE9-6746-91B4-7B0D440F1634}.Release|Any CPU.ActiveCfg = Release|Any CPU
		{DA8A5437-6DE9-6746-91B4-7B0D440F1634}.Release|Any CPU.Build.0 = Release|Any CPU
		{9A5DAD6B-29F0-26C0-B318-E3B698EF2252}.Debug|Any CPU.ActiveCfg = Debug|Any CPU
		{9A5DAD6B-29F0-26C0-B318-E3B698EF2252}.Debug|Any CPU.Build.0 = Debug|Any CPU
		{9A5DAD6B-29F0-26C0-B318-E3B698EF2252}.Release|Any CPU.ActiveCfg = Release|Any CPU
		{9A5DAD6B-29F0-26C0-B318-E3B698EF2252}.Release|Any CPU.Build.0 = Release|Any CPU
		{F0DCB0E8-C413-C04D-4B66-69EF262F8522}.Debug|Any CPU.ActiveCfg = Debug|Any CPU
		{F0DCB0E8-C413-C04D-4B66-69EF262F8522}.Debug|Any CPU.Build.0 = Debug|Any CPU
		{F0DCB0E8-C413-C04D-4B66-69EF262F8522}.Release|Any CPU.ActiveCfg = Release|Any CPU
		{F0DCB0E8-C413-C04D-4B66-69EF262F8522}.Release|Any CPU.Build.0 = Release|Any CPU
		{9254C36B-A0AD-F36F-C2F2-43357DDB4B89}.Debug|Any CPU.ActiveCfg = Debug|Any CPU
		{9254C36B-A0AD-F36F-C2F2-43357DDB4B89}.Debug|Any CPU.Build.0 = Debug|Any CPU
		{9254C36B-A0AD-F36F-C2F2-43357DDB4B89}.Release|Any CPU.ActiveCfg = Release|Any CPU
		{9254C36B-A0AD-F36F-C2F2-43357DDB4B89}.Release|Any CPU.Build.0 = Release|Any CPU
		{6EBF8AC3-3C24-77A3-8814-17EC4598E338}.Debug|Any CPU.ActiveCfg = Debug|Any CPU
		{6EBF8AC3-3C24-77A3-8814-17EC4598E338}.Debug|Any CPU.Build.0 = Debug|Any CPU
		{6EBF8AC3-3C24-77A3-8814-17EC4598E338}.Release|Any CPU.ActiveCfg = Release|Any CPU
		{6EBF8AC3-3C24-77A3-8814-17EC4598E338}.Release|Any CPU.Build.0 = Release|Any CPU
		{943A6C96-C134-2914-85EE-94B125F9B2FC}.Debug|Any CPU.ActiveCfg = Debug|Any CPU
		{943A6C96-C134-2914-85EE-94B125F9B2FC}.Debug|Any CPU.Build.0 = Debug|Any CPU
		{943A6C96-C134-2914-85EE-94B125F9B2FC}.Release|Any CPU.ActiveCfg = Release|Any CPU
		{943A6C96-C134-2914-85EE-94B125F9B2FC}.Release|Any CPU.Build.0 = Release|Any CPU
		{56FDDE43-1D52-759B-7BC9-D2152B8FEF05}.Debug|Any CPU.ActiveCfg = Debug|Any CPU
		{56FDDE43-1D52-759B-7BC9-D2152B8FEF05}.Debug|Any CPU.Build.0 = Debug|Any CPU
		{56FDDE43-1D52-759B-7BC9-D2152B8FEF05}.Release|Any CPU.ActiveCfg = Release|Any CPU
		{56FDDE43-1D52-759B-7BC9-D2152B8FEF05}.Release|Any CPU.Build.0 = Release|Any CPU
		{18E84343-370A-FEBB-8EDA-7DDDD7D32172}.Debug|Any CPU.ActiveCfg = Debug|Any CPU
		{18E84343-370A-FEBB-8EDA-7DDDD7D32172}.Debug|Any CPU.Build.0 = Debug|Any CPU
		{18E84343-370A-FEBB-8EDA-7DDDD7D32172}.Release|Any CPU.ActiveCfg = Release|Any CPU
		{18E84343-370A-FEBB-8EDA-7DDDD7D32172}.Release|Any CPU.Build.0 = Release|Any CPU
		{CFD9EDBF-23E3-6D98-A2F1-97E1118A80DB}.Debug|Any CPU.ActiveCfg = Debug|Any CPU
		{CFD9EDBF-23E3-6D98-A2F1-97E1118A80DB}.Debug|Any CPU.Build.0 = Debug|Any CPU
		{CFD9EDBF-23E3-6D98-A2F1-97E1118A80DB}.Release|Any CPU.ActiveCfg = Release|Any CPU
		{CFD9EDBF-23E3-6D98-A2F1-97E1118A80DB}.Release|Any CPU.Build.0 = Release|Any CPU
		{FA695794-775C-24F4-9ECC-E325AEAF3BA5}.Debug|Any CPU.ActiveCfg = Debug|Any CPU
		{FA695794-775C-24F4-9ECC-E325AEAF3BA5}.Debug|Any CPU.Build.0 = Debug|Any CPU
		{FA695794-775C-24F4-9ECC-E325AEAF3BA5}.Release|Any CPU.ActiveCfg = Release|Any CPU
		{FA695794-775C-24F4-9ECC-E325AEAF3BA5}.Release|Any CPU.Build.0 = Release|Any CPU
		{6224A02C-B44C-25E4-9573-25E3F087A683}.Debug|Any CPU.ActiveCfg = Debug|Any CPU
		{6224A02C-B44C-25E4-9573-25E3F087A683}.Debug|Any CPU.Build.0 = Debug|Any CPU
		{6224A02C-B44C-25E4-9573-25E3F087A683}.Release|Any CPU.ActiveCfg = Release|Any CPU
		{6224A02C-B44C-25E4-9573-25E3F087A683}.Release|Any CPU.Build.0 = Release|Any CPU
		{17B657FB-CAB7-E3C4-B80F-F2EA126C1757}.Debug|Any CPU.ActiveCfg = Debug|Any CPU
		{17B657FB-CAB7-E3C4-B80F-F2EA126C1757}.Debug|Any CPU.Build.0 = Debug|Any CPU
		{17B657FB-CAB7-E3C4-B80F-F2EA126C1757}.Release|Any CPU.ActiveCfg = Release|Any CPU
		{17B657FB-CAB7-E3C4-B80F-F2EA126C1757}.Release|Any CPU.Build.0 = Release|Any CPU
		{2FA1AAE6-E6AA-2486-0B84-B0752686D7CB}.Debug|Any CPU.ActiveCfg = Debug|Any CPU
		{2FA1AAE6-E6AA-2486-0B84-B0752686D7CB}.Debug|Any CPU.Build.0 = Debug|Any CPU
		{2FA1AAE6-E6AA-2486-0B84-B0752686D7CB}.Release|Any CPU.ActiveCfg = Release|Any CPU
		{2FA1AAE6-E6AA-2486-0B84-B0752686D7CB}.Release|Any CPU.Build.0 = Release|Any CPU
		{A99E98C8-220B-E473-CF50-48B407CF5B0F}.Debug|Any CPU.ActiveCfg = Debug|Any CPU
		{A99E98C8-220B-E473-CF50-48B407CF5B0F}.Debug|Any CPU.Build.0 = Debug|Any CPU
		{A99E98C8-220B-E473-CF50-48B407CF5B0F}.Release|Any CPU.ActiveCfg = Release|Any CPU
		{A99E98C8-220B-E473-CF50-48B407CF5B0F}.Release|Any CPU.Build.0 = Release|Any CPU
		{460419EE-E2D2-FF25-29BF-A7D0BBD2ED4C}.Debug|Any CPU.ActiveCfg = Debug|Any CPU
		{460419EE-E2D2-FF25-29BF-A7D0BBD2ED4C}.Debug|Any CPU.Build.0 = Debug|Any CPU
		{460419EE-E2D2-FF25-29BF-A7D0BBD2ED4C}.Release|Any CPU.ActiveCfg = Release|Any CPU
		{460419EE-E2D2-FF25-29BF-A7D0BBD2ED4C}.Release|Any CPU.Build.0 = Release|Any CPU
		{1F5D2578-C5BB-41AA-55D0-7B4794D1B4F5}.Debug|Any CPU.ActiveCfg = Debug|Any CPU
		{1F5D2578-C5BB-41AA-55D0-7B4794D1B4F5}.Debug|Any CPU.Build.0 = Debug|Any CPU
		{1F5D2578-C5BB-41AA-55D0-7B4794D1B4F5}.Release|Any CPU.ActiveCfg = Release|Any CPU
		{1F5D2578-C5BB-41AA-55D0-7B4794D1B4F5}.Release|Any CPU.Build.0 = Release|Any CPU
		{7D7F8D58-3DFE-C72C-A06D-6BC17273E3B5}.Debug|Any CPU.ActiveCfg = Debug|Any CPU
		{7D7F8D58-3DFE-C72C-A06D-6BC17273E3B5}.Debug|Any CPU.Build.0 = Debug|Any CPU
		{7D7F8D58-3DFE-C72C-A06D-6BC17273E3B5}.Release|Any CPU.ActiveCfg = Release|Any CPU
		{7D7F8D58-3DFE-C72C-A06D-6BC17273E3B5}.Release|Any CPU.Build.0 = Release|Any CPU
		{088C9FA0-C218-DA79-9D34-FF663FFBED5C}.Debug|Any CPU.ActiveCfg = Debug|Any CPU
		{088C9FA0-C218-DA79-9D34-FF663FFBED5C}.Debug|Any CPU.Build.0 = Debug|Any CPU
		{088C9FA0-C218-DA79-9D34-FF663FFBED5C}.Release|Any CPU.ActiveCfg = Release|Any CPU
		{088C9FA0-C218-DA79-9D34-FF663FFBED5C}.Release|Any CPU.Build.0 = Release|Any CPU
		{9E89DD83-454A-7563-C9E5-0A3500FC3694}.Debug|Any CPU.ActiveCfg = Debug|Any CPU
		{9E89DD83-454A-7563-C9E5-0A3500FC3694}.Debug|Any CPU.Build.0 = Debug|Any CPU
		{9E89DD83-454A-7563-C9E5-0A3500FC3694}.Release|Any CPU.ActiveCfg = Release|Any CPU
		{9E89DD83-454A-7563-C9E5-0A3500FC3694}.Release|Any CPU.Build.0 = Release|Any CPU
		{77C20454-0BD9-8218-8ED1-AE95B842745A}.Debug|Any CPU.ActiveCfg = Debug|Any CPU
		{77C20454-0BD9-8218-8ED1-AE95B842745A}.Debug|Any CPU.Build.0 = Debug|Any CPU
		{77C20454-0BD9-8218-8ED1-AE95B842745A}.Release|Any CPU.ActiveCfg = Release|Any CPU
		{77C20454-0BD9-8218-8ED1-AE95B842745A}.Release|Any CPU.Build.0 = Release|Any CPU
		{E5730905-15A2-34E0-6FBC-89FA1323A056}.Debug|Any CPU.ActiveCfg = Debug|Any CPU
		{E5730905-15A2-34E0-6FBC-89FA1323A056}.Debug|Any CPU.Build.0 = Debug|Any CPU
		{E5730905-15A2-34E0-6FBC-89FA1323A056}.Release|Any CPU.ActiveCfg = Release|Any CPU
		{E5730905-15A2-34E0-6FBC-89FA1323A056}.Release|Any CPU.Build.0 = Release|Any CPU
		{BA60C669-B83D-AECB-5A7F-9B13D241D8EE}.Debug|Any CPU.ActiveCfg = Debug|Any CPU
		{BA60C669-B83D-AECB-5A7F-9B13D241D8EE}.Debug|Any CPU.Build.0 = Debug|Any CPU
		{BA60C669-B83D-AECB-5A7F-9B13D241D8EE}.Release|Any CPU.ActiveCfg = Release|Any CPU
		{BA60C669-B83D-AECB-5A7F-9B13D241D8EE}.Release|Any CPU.Build.0 = Release|Any CPU
		{0EF32DCE-C779-552B-8D99-0AF726A22BE7}.Debug|Any CPU.ActiveCfg = Debug|Any CPU
		{0EF32DCE-C779-552B-8D99-0AF726A22BE7}.Debug|Any CPU.Build.0 = Debug|Any CPU
		{0EF32DCE-C779-552B-8D99-0AF726A22BE7}.Release|Any CPU.ActiveCfg = Release|Any CPU
		{0EF32DCE-C779-552B-8D99-0AF726A22BE7}.Release|Any CPU.Build.0 = Release|Any CPU
		{DB1D80F2-6F49-635D-1A89-90FE28093544}.Debug|Any CPU.ActiveCfg = Debug|Any CPU
		{DB1D80F2-6F49-635D-1A89-90FE28093544}.Debug|Any CPU.Build.0 = Debug|Any CPU
		{DB1D80F2-6F49-635D-1A89-90FE28093544}.Release|Any CPU.ActiveCfg = Release|Any CPU
		{DB1D80F2-6F49-635D-1A89-90FE28093544}.Release|Any CPU.Build.0 = Release|Any CPU
		{73A7B951-D2DA-3E56-8BE7-21B160EF26C6}.Debug|Any CPU.ActiveCfg = Debug|Any CPU
		{73A7B951-D2DA-3E56-8BE7-21B160EF26C6}.Debug|Any CPU.Build.0 = Debug|Any CPU
		{73A7B951-D2DA-3E56-8BE7-21B160EF26C6}.Release|Any CPU.ActiveCfg = Release|Any CPU
		{73A7B951-D2DA-3E56-8BE7-21B160EF26C6}.Release|Any CPU.Build.0 = Release|Any CPU
		{1A1E95BB-565A-99A0-DDD8-BA2BA0F16437}.Debug|Any CPU.ActiveCfg = Debug|Any CPU
		{1A1E95BB-565A-99A0-DDD8-BA2BA0F16437}.Debug|Any CPU.Build.0 = Debug|Any CPU
		{1A1E95BB-565A-99A0-DDD8-BA2BA0F16437}.Release|Any CPU.ActiveCfg = Release|Any CPU
		{1A1E95BB-565A-99A0-DDD8-BA2BA0F16437}.Release|Any CPU.Build.0 = Release|Any CPU
		{112B6397-0230-F3E8-0750-47DBEFF2206C}.Debug|Any CPU.ActiveCfg = Debug|Any CPU
		{112B6397-0230-F3E8-0750-47DBEFF2206C}.Debug|Any CPU.Build.0 = Debug|Any CPU
		{112B6397-0230-F3E8-0750-47DBEFF2206C}.Release|Any CPU.ActiveCfg = Release|Any CPU
		{112B6397-0230-F3E8-0750-47DBEFF2206C}.Release|Any CPU.Build.0 = Release|Any CPU
		{B028276F-DDDB-4028-1907-2E35F8121239}.Debug|Any CPU.ActiveCfg = Debug|Any CPU
		{B028276F-DDDB-4028-1907-2E35F8121239}.Debug|Any CPU.Build.0 = Debug|Any CPU
		{B028276F-DDDB-4028-1907-2E35F8121239}.Release|Any CPU.ActiveCfg = Release|Any CPU
		{B028276F-DDDB-4028-1907-2E35F8121239}.Release|Any CPU.Build.0 = Release|Any CPU
		{4F93D8D1-E558-E4A1-3D21-043858FB5511}.Debug|Any CPU.ActiveCfg = Debug|Any CPU
		{4F93D8D1-E558-E4A1-3D21-043858FB5511}.Debug|Any CPU.Build.0 = Debug|Any CPU
		{4F93D8D1-E558-E4A1-3D21-043858FB5511}.Release|Any CPU.ActiveCfg = Release|Any CPU
		{4F93D8D1-E558-E4A1-3D21-043858FB5511}.Release|Any CPU.Build.0 = Release|Any CPU
		{BEBA835F-6D11-E651-6A70-2C7F44C403FA}.Debug|Any CPU.ActiveCfg = Debug|Any CPU
		{BEBA835F-6D11-E651-6A70-2C7F44C403FA}.Debug|Any CPU.Build.0 = Debug|Any CPU
		{BEBA835F-6D11-E651-6A70-2C7F44C403FA}.Release|Any CPU.ActiveCfg = Release|Any CPU
		{BEBA835F-6D11-E651-6A70-2C7F44C403FA}.Release|Any CPU.Build.0 = Release|Any CPU
		{08A09044-CB65-9F99-7B60-A8C7517BDA50}.Debug|Any CPU.ActiveCfg = Debug|Any CPU
		{08A09044-CB65-9F99-7B60-A8C7517BDA50}.Debug|Any CPU.Build.0 = Debug|Any CPU
		{08A09044-CB65-9F99-7B60-A8C7517BDA50}.Release|Any CPU.ActiveCfg = Release|Any CPU
		{08A09044-CB65-9F99-7B60-A8C7517BDA50}.Release|Any CPU.Build.0 = Release|Any CPU
		{62E30B88-D269-8023-3F3F-101B3D2F99E8}.Debug|Any CPU.ActiveCfg = Debug|Any CPU
		{62E30B88-D269-8023-3F3F-101B3D2F99E8}.Debug|Any CPU.Build.0 = Debug|Any CPU
		{62E30B88-D269-8023-3F3F-101B3D2F99E8}.Release|Any CPU.ActiveCfg = Release|Any CPU
		{62E30B88-D269-8023-3F3F-101B3D2F99E8}.Release|Any CPU.Build.0 = Release|Any CPU
		{153EC1C4-F268-14BF-3BC3-0436DB29A6C2}.Debug|Any CPU.ActiveCfg = Debug|Any CPU
		{153EC1C4-F268-14BF-3BC3-0436DB29A6C2}.Debug|Any CPU.Build.0 = Debug|Any CPU
		{153EC1C4-F268-14BF-3BC3-0436DB29A6C2}.Release|Any CPU.ActiveCfg = Release|Any CPU
		{153EC1C4-F268-14BF-3BC3-0436DB29A6C2}.Release|Any CPU.Build.0 = Release|Any CPU
		{3D039F64-43C4-1F9E-8660-0A5F27AAD156}.Debug|Any CPU.ActiveCfg = Debug|Any CPU
		{3D039F64-43C4-1F9E-8660-0A5F27AAD156}.Debug|Any CPU.Build.0 = Debug|Any CPU
		{3D039F64-43C4-1F9E-8660-0A5F27AAD156}.Release|Any CPU.ActiveCfg = Release|Any CPU
		{3D039F64-43C4-1F9E-8660-0A5F27AAD156}.Release|Any CPU.Build.0 = Release|Any CPU
		{D7D3F7E5-C2F2-8182-9CD9-CA8F04DF9290}.Debug|Any CPU.ActiveCfg = Debug|Any CPU
		{D7D3F7E5-C2F2-8182-9CD9-CA8F04DF9290}.Debug|Any CPU.Build.0 = Debug|Any CPU
		{D7D3F7E5-C2F2-8182-9CD9-CA8F04DF9290}.Release|Any CPU.ActiveCfg = Release|Any CPU
		{D7D3F7E5-C2F2-8182-9CD9-CA8F04DF9290}.Release|Any CPU.Build.0 = Release|Any CPU
		{12D39182-CD11-4153-909C-913D19F318EB}.Debug|Any CPU.ActiveCfg = Debug|Any CPU
		{12D39182-CD11-4153-909C-913D19F318EB}.Debug|Any CPU.Build.0 = Debug|Any CPU
		{12D39182-CD11-4153-909C-913D19F318EB}.Release|Any CPU.ActiveCfg = Release|Any CPU
		{12D39182-CD11-4153-909C-913D19F318EB}.Release|Any CPU.Build.0 = Release|Any CPU
		{A87B08D9-F270-CA65-AB40-BD99F6B64696}.Debug|Any CPU.ActiveCfg = Debug|Any CPU
		{A87B08D9-F270-CA65-AB40-BD99F6B64696}.Debug|Any CPU.Build.0 = Debug|Any CPU
		{A87B08D9-F270-CA65-AB40-BD99F6B64696}.Release|Any CPU.ActiveCfg = Release|Any CPU
		{A87B08D9-F270-CA65-AB40-BD99F6B64696}.Release|Any CPU.Build.0 = Release|Any CPU
		{058E3AE0-79D0-503A-2C04-C3751B3C95B9}.Debug|Any CPU.ActiveCfg = Debug|Any CPU
		{058E3AE0-79D0-503A-2C04-C3751B3C95B9}.Debug|Any CPU.Build.0 = Debug|Any CPU
		{058E3AE0-79D0-503A-2C04-C3751B3C95B9}.Release|Any CPU.ActiveCfg = Release|Any CPU
		{058E3AE0-79D0-503A-2C04-C3751B3C95B9}.Release|Any CPU.Build.0 = Release|Any CPU
		{2E05AABA-5178-5E9C-A565-14192F63E35E}.Debug|Any CPU.ActiveCfg = Debug|Any CPU
		{2E05AABA-5178-5E9C-A565-14192F63E35E}.Debug|Any CPU.Build.0 = Debug|Any CPU
		{2E05AABA-5178-5E9C-A565-14192F63E35E}.Release|Any CPU.ActiveCfg = Release|Any CPU
		{2E05AABA-5178-5E9C-A565-14192F63E35E}.Release|Any CPU.Build.0 = Release|Any CPU
		{28C8C62E-6DCF-9DA8-8DB3-013979727737}.Debug|Any CPU.ActiveCfg = Debug|Any CPU
		{28C8C62E-6DCF-9DA8-8DB3-013979727737}.Debug|Any CPU.Build.0 = Debug|Any CPU
		{28C8C62E-6DCF-9DA8-8DB3-013979727737}.Release|Any CPU.ActiveCfg = Release|Any CPU
		{28C8C62E-6DCF-9DA8-8DB3-013979727737}.Release|Any CPU.Build.0 = Release|Any CPU
		{E4D0D4E0-8D41-5A6D-1A8D-84AFFAE120E0}.Debug|Any CPU.ActiveCfg = Debug|Any CPU
		{E4D0D4E0-8D41-5A6D-1A8D-84AFFAE120E0}.Debug|Any CPU.Build.0 = Debug|Any CPU
		{E4D0D4E0-8D41-5A6D-1A8D-84AFFAE120E0}.Release|Any CPU.ActiveCfg = Release|Any CPU
		{E4D0D4E0-8D41-5A6D-1A8D-84AFFAE120E0}.Release|Any CPU.Build.0 = Release|Any CPU
		{C937B8C1-30DD-AC23-EF43-D298094E8054}.Debug|Any CPU.ActiveCfg = Debug|Any CPU
		{C937B8C1-30DD-AC23-EF43-D298094E8054}.Debug|Any CPU.Build.0 = Debug|Any CPU
		{C937B8C1-30DD-AC23-EF43-D298094E8054}.Release|Any CPU.ActiveCfg = Release|Any CPU
		{C937B8C1-30DD-AC23-EF43-D298094E8054}.Release|Any CPU.Build.0 = Release|Any CPU
		{B52E5F06-F321-7731-BF76-45A35832D4D7}.Debug|Any CPU.ActiveCfg = Debug|Any CPU
		{B52E5F06-F321-7731-BF76-45A35832D4D7}.Debug|Any CPU.Build.0 = Debug|Any CPU
		{B52E5F06-F321-7731-BF76-45A35832D4D7}.Release|Any CPU.ActiveCfg = Release|Any CPU
		{B52E5F06-F321-7731-BF76-45A35832D4D7}.Release|Any CPU.Build.0 = Release|Any CPU
		{EDDB399A-CFFD-E7C7-EBB4-223724927813}.Debug|Any CPU.ActiveCfg = Debug|Any CPU
		{EDDB399A-CFFD-E7C7-EBB4-223724927813}.Debug|Any CPU.Build.0 = Debug|Any CPU
		{EDDB399A-CFFD-E7C7-EBB4-223724927813}.Release|Any CPU.ActiveCfg = Release|Any CPU
		{EDDB399A-CFFD-E7C7-EBB4-223724927813}.Release|Any CPU.Build.0 = Release|Any CPU
		{5D773E94-3533-F13D-B200-5E6BCD283ED3}.Debug|Any CPU.ActiveCfg = Debug|Any CPU
		{5D773E94-3533-F13D-B200-5E6BCD283ED3}.Debug|Any CPU.Build.0 = Debug|Any CPU
		{5D773E94-3533-F13D-B200-5E6BCD283ED3}.Release|Any CPU.ActiveCfg = Release|Any CPU
		{5D773E94-3533-F13D-B200-5E6BCD283ED3}.Release|Any CPU.Build.0 = Release|Any CPU
		{9862D5FD-CB98-9358-41F4-BA9BABA66F4A}.Debug|Any CPU.ActiveCfg = Debug|Any CPU
		{9862D5FD-CB98-9358-41F4-BA9BABA66F4A}.Debug|Any CPU.Build.0 = Debug|Any CPU
		{9862D5FD-CB98-9358-41F4-BA9BABA66F4A}.Release|Any CPU.ActiveCfg = Release|Any CPU
		{9862D5FD-CB98-9358-41F4-BA9BABA66F4A}.Release|Any CPU.Build.0 = Release|Any CPU
		{9ED50E15-6F26-EB9C-A513-95FB9F8DA4C7}.Debug|Any CPU.ActiveCfg = Debug|Any CPU
		{9ED50E15-6F26-EB9C-A513-95FB9F8DA4C7}.Debug|Any CPU.Build.0 = Debug|Any CPU
		{9ED50E15-6F26-EB9C-A513-95FB9F8DA4C7}.Release|Any CPU.ActiveCfg = Release|Any CPU
		{9ED50E15-6F26-EB9C-A513-95FB9F8DA4C7}.Release|Any CPU.Build.0 = Release|Any CPU
		{3C3160F1-8484-B2DF-E9EA-02B8ED93A780}.Debug|Any CPU.ActiveCfg = Debug|Any CPU
		{3C3160F1-8484-B2DF-E9EA-02B8ED93A780}.Debug|Any CPU.Build.0 = Debug|Any CPU
		{3C3160F1-8484-B2DF-E9EA-02B8ED93A780}.Release|Any CPU.ActiveCfg = Release|Any CPU
		{3C3160F1-8484-B2DF-E9EA-02B8ED93A780}.Release|Any CPU.Build.0 = Release|Any CPU
		{E33B49D5-0F78-55DD-F989-C1BDAB6CFB56}.Debug|Any CPU.ActiveCfg = Debug|Any CPU
		{E33B49D5-0F78-55DD-F989-C1BDAB6CFB56}.Debug|Any CPU.Build.0 = Debug|Any CPU
		{E33B49D5-0F78-55DD-F989-C1BDAB6CFB56}.Release|Any CPU.ActiveCfg = Release|Any CPU
		{E33B49D5-0F78-55DD-F989-C1BDAB6CFB56}.Release|Any CPU.Build.0 = Release|Any CPU
		{A574330F-7C80-6235-A3B5-B5A6B1DECF98}.Debug|Any CPU.ActiveCfg = Debug|Any CPU
		{A574330F-7C80-6235-A3B5-B5A6B1DECF98}.Debug|Any CPU.Build.0 = Debug|Any CPU
		{A574330F-7C80-6235-A3B5-B5A6B1DECF98}.Release|Any CPU.ActiveCfg = Release|Any CPU
		{A574330F-7C80-6235-A3B5-B5A6B1DECF98}.Release|Any CPU.Build.0 = Release|Any CPU
		{512FDD84-3B2F-01BB-C63A-58F38698E901}.Debug|Any CPU.ActiveCfg = Debug|Any CPU
		{512FDD84-3B2F-01BB-C63A-58F38698E901}.Debug|Any CPU.Build.0 = Debug|Any CPU
		{512FDD84-3B2F-01BB-C63A-58F38698E901}.Release|Any CPU.ActiveCfg = Release|Any CPU
		{512FDD84-3B2F-01BB-C63A-58F38698E901}.Release|Any CPU.Build.0 = Release|Any CPU
		{C6746CE2-A0B7-2050-4C8A-54028A18A537}.Debug|Any CPU.ActiveCfg = Debug|Any CPU
		{C6746CE2-A0B7-2050-4C8A-54028A18A537}.Debug|Any CPU.Build.0 = Debug|Any CPU
		{C6746CE2-A0B7-2050-4C8A-54028A18A537}.Release|Any CPU.ActiveCfg = Release|Any CPU
		{C6746CE2-A0B7-2050-4C8A-54028A18A537}.Release|Any CPU.Build.0 = Release|Any CPU
		{FEEB9079-DF9F-00FA-9ED4-8FA6E5DC52EF}.Debug|Any CPU.ActiveCfg = Debug|Any CPU
		{FEEB9079-DF9F-00FA-9ED4-8FA6E5DC52EF}.Debug|Any CPU.Build.0 = Debug|Any CPU
		{FEEB9079-DF9F-00FA-9ED4-8FA6E5DC52EF}.Release|Any CPU.ActiveCfg = Release|Any CPU
		{FEEB9079-DF9F-00FA-9ED4-8FA6E5DC52EF}.Release|Any CPU.Build.0 = Release|Any CPU
		{4AFC1D7A-241B-E7A4-EA5D-3B35A26E4540}.Debug|Any CPU.ActiveCfg = Debug|Any CPU
		{4AFC1D7A-241B-E7A4-EA5D-3B35A26E4540}.Debug|Any CPU.Build.0 = Debug|Any CPU
		{4AFC1D7A-241B-E7A4-EA5D-3B35A26E4540}.Release|Any CPU.ActiveCfg = Release|Any CPU
		{4AFC1D7A-241B-E7A4-EA5D-3B35A26E4540}.Release|Any CPU.Build.0 = Release|Any CPU
		{04554F86-0225-BA99-2F12-67B5979CAEE0}.Debug|Any CPU.ActiveCfg = Debug|Any CPU
		{04554F86-0225-BA99-2F12-67B5979CAEE0}.Debug|Any CPU.Build.0 = Debug|Any CPU
		{04554F86-0225-BA99-2F12-67B5979CAEE0}.Release|Any CPU.ActiveCfg = Release|Any CPU
		{04554F86-0225-BA99-2F12-67B5979CAEE0}.Release|Any CPU.Build.0 = Release|Any CPU
		{CD0BFB4C-9445-48F4-8C23-70EC12140D43}.Debug|Any CPU.ActiveCfg = Debug|Any CPU
		{CD0BFB4C-9445-48F4-8C23-70EC12140D43}.Debug|Any CPU.Build.0 = Debug|Any CPU
		{CD0BFB4C-9445-48F4-8C23-70EC12140D43}.Release|Any CPU.ActiveCfg = Release|Any CPU
		{CD0BFB4C-9445-48F4-8C23-70EC12140D43}.Release|Any CPU.Build.0 = Release|Any CPU
		{A09EA34E-C214-84B4-F94E-8753D9A04C4F}.Debug|Any CPU.ActiveCfg = Debug|Any CPU
		{A09EA34E-C214-84B4-F94E-8753D9A04C4F}.Debug|Any CPU.Build.0 = Debug|Any CPU
		{A09EA34E-C214-84B4-F94E-8753D9A04C4F}.Release|Any CPU.ActiveCfg = Release|Any CPU
		{A09EA34E-C214-84B4-F94E-8753D9A04C4F}.Release|Any CPU.Build.0 = Release|Any CPU
		{5B574789-875F-3493-5A47-C2C3A9B47215}.Debug|Any CPU.ActiveCfg = Debug|Any CPU
		{5B574789-875F-3493-5A47-C2C3A9B47215}.Debug|Any CPU.Build.0 = Debug|Any CPU
		{5B574789-875F-3493-5A47-C2C3A9B47215}.Release|Any CPU.ActiveCfg = Release|Any CPU
		{5B574789-875F-3493-5A47-C2C3A9B47215}.Release|Any CPU.Build.0 = Release|Any CPU
		{BA9D559B-91FD-52C7-7190-9C1666FAC1D4}.Debug|Any CPU.ActiveCfg = Debug|Any CPU
		{BA9D559B-91FD-52C7-7190-9C1666FAC1D4}.Debug|Any CPU.Build.0 = Debug|Any CPU
		{BA9D559B-91FD-52C7-7190-9C1666FAC1D4}.Release|Any CPU.ActiveCfg = Release|Any CPU
		{BA9D559B-91FD-52C7-7190-9C1666FAC1D4}.Release|Any CPU.Build.0 = Release|Any CPU
	EndGlobalSection
	GlobalSection(SolutionProperties) = preSolution
		HideSolutionNode = FALSE
	EndGlobalSection
EndGlobal
